// !$*UTF8*$!
{
	archiveVersion = 1;
	classes = {
	};
	objectVersion = 46;
	objects = {

/* Begin PBXBuildFile section */
		251317541B0ADF4500879526 /* ReelGridViewController.swift in Sources */ = {isa = PBXBuildFile; fileRef = 251317531B0ADF4500879526 /* ReelGridViewController.swift */; };
		251317591B0B12F900879526 /* ReelGridCell.swift in Sources */ = {isa = PBXBuildFile; fileRef = 251317581B0B12F900879526 /* ReelGridCell.swift */; };
		25237E2D1B0C445E00959D44 /* PhotoCell.swift in Sources */ = {isa = PBXBuildFile; fileRef = 25237E2C1B0C445E00959D44 /* PhotoCell.swift */; };
		25237E2F1B0C457E00959D44 /* PhotoDetailsViewController.swift in Sources */ = {isa = PBXBuildFile; fileRef = 25237E2E1B0C457E00959D44 /* PhotoDetailsViewController.swift */; };
		255774D51B0585FC0042FAED /* ProfileViewController.swift in Sources */ = {isa = PBXBuildFile; fileRef = 255774D41B0585FC0042FAED /* ProfileViewController.swift */; };
		257A6B721B056D5B00996A56 /* HamburgerViewController.swift in Sources */ = {isa = PBXBuildFile; fileRef = 257A6B711B056D5B00996A56 /* HamburgerViewController.swift */; };
		259FBA431B02F5A5006F1650 /* AppDelegate.swift in Sources */ = {isa = PBXBuildFile; fileRef = 259FBA421B02F5A5006F1650 /* AppDelegate.swift */; };
		259FBA481B02F5A5006F1650 /* Main.storyboard in Resources */ = {isa = PBXBuildFile; fileRef = 259FBA461B02F5A5006F1650 /* Main.storyboard */; };
		259FBA4A1B02F5A6006F1650 /* Images.xcassets in Resources */ = {isa = PBXBuildFile; fileRef = 259FBA491B02F5A6006F1650 /* Images.xcassets */; };
		259FBA4D1B02F5A6006F1650 /* LaunchScreen.xib in Resources */ = {isa = PBXBuildFile; fileRef = 259FBA4B1B02F5A6006F1650 /* LaunchScreen.xib */; };
		259FBA591B02F5A6006F1650 /* XCHATTests.swift in Sources */ = {isa = PBXBuildFile; fileRef = 259FBA581B02F5A6006F1650 /* XCHATTests.swift */; };
		25F016061B045882004D78F6 /* LoginViewController.swift in Sources */ = {isa = PBXBuildFile; fileRef = 25F016051B045882004D78F6 /* LoginViewController.swift */; };
		25F0160A1B045D83004D78F6 /* MenuViewController.swift in Sources */ = {isa = PBXBuildFile; fileRef = 25F016091B045D83004D78F6 /* MenuViewController.swift */; };
		25F2313F1B0C3DF90074F02F /* ReelViewController.swift in Sources */ = {isa = PBXBuildFile; fileRef = 25F2313E1B0C3DF90074F02F /* ReelViewController.swift */; };
		C34480519D95217D6EDDF5B1 /* libPods.a in Frameworks */ = {isa = PBXBuildFile; fileRef = A8469C60EDB32747ACDDA74A /* libPods.a */; };
/* End PBXBuildFile section */

/* Begin PBXContainerItemProxy section */
		259FBA531B02F5A6006F1650 /* PBXContainerItemProxy */ = {
			isa = PBXContainerItemProxy;
			containerPortal = 259FBA351B02F5A5006F1650 /* Project object */;
			proxyType = 1;
			remoteGlobalIDString = 259FBA3C1B02F5A5006F1650;
			remoteInfo = XCHAT;
		};
/* End PBXContainerItemProxy section */

/* Begin PBXFileReference section */
		251317531B0ADF4500879526 /* ReelGridViewController.swift */ = {isa = PBXFileReference; fileEncoding = 4; lastKnownFileType = sourcecode.swift; path = ReelGridViewController.swift; sourceTree = "<group>"; };
		251317581B0B12F900879526 /* ReelGridCell.swift */ = {isa = PBXFileReference; fileEncoding = 4; lastKnownFileType = sourcecode.swift; path = ReelGridCell.swift; sourceTree = "<group>"; };
		25237E2C1B0C445E00959D44 /* PhotoCell.swift */ = {isa = PBXFileReference; fileEncoding = 4; lastKnownFileType = sourcecode.swift; path = PhotoCell.swift; sourceTree = "<group>"; };
		25237E2E1B0C457E00959D44 /* PhotoDetailsViewController.swift */ = {isa = PBXFileReference; fileEncoding = 4; lastKnownFileType = sourcecode.swift; path = PhotoDetailsViewController.swift; sourceTree = "<group>"; };
		255774D41B0585FC0042FAED /* ProfileViewController.swift */ = {isa = PBXFileReference; fileEncoding = 4; lastKnownFileType = sourcecode.swift; path = ProfileViewController.swift; sourceTree = "<group>"; };
		257A6B711B056D5B00996A56 /* HamburgerViewController.swift */ = {isa = PBXFileReference; fileEncoding = 4; lastKnownFileType = sourcecode.swift; path = HamburgerViewController.swift; sourceTree = "<group>"; };
		259FBA3D1B02F5A5006F1650 /* XCHAT.app */ = {isa = PBXFileReference; explicitFileType = wrapper.application; includeInIndex = 0; path = XCHAT.app; sourceTree = BUILT_PRODUCTS_DIR; };
		259FBA411B02F5A5006F1650 /* Info.plist */ = {isa = PBXFileReference; lastKnownFileType = text.plist.xml; path = Info.plist; sourceTree = "<group>"; };
		259FBA421B02F5A5006F1650 /* AppDelegate.swift */ = {isa = PBXFileReference; lastKnownFileType = sourcecode.swift; path = AppDelegate.swift; sourceTree = "<group>"; };
		259FBA471B02F5A5006F1650 /* Base */ = {isa = PBXFileReference; lastKnownFileType = file.storyboard; name = Base; path = Base.lproj/Main.storyboard; sourceTree = "<group>"; };
		259FBA491B02F5A6006F1650 /* Images.xcassets */ = {isa = PBXFileReference; lastKnownFileType = folder.assetcatalog; path = Images.xcassets; sourceTree = "<group>"; };
		259FBA4C1B02F5A6006F1650 /* Base */ = {isa = PBXFileReference; lastKnownFileType = file.xib; name = Base; path = Base.lproj/LaunchScreen.xib; sourceTree = "<group>"; };
		259FBA521B02F5A6006F1650 /* XCHATTests.xctest */ = {isa = PBXFileReference; explicitFileType = wrapper.cfbundle; includeInIndex = 0; path = XCHATTests.xctest; sourceTree = BUILT_PRODUCTS_DIR; };
		259FBA571B02F5A6006F1650 /* Info.plist */ = {isa = PBXFileReference; lastKnownFileType = text.plist.xml; path = Info.plist; sourceTree = "<group>"; };
		259FBA581B02F5A6006F1650 /* XCHATTests.swift */ = {isa = PBXFileReference; lastKnownFileType = sourcecode.swift; path = XCHATTests.swift; sourceTree = "<group>"; };
		25F015FF1B04535C004D78F6 /* XCHAT-Bridging-Header.h */ = {isa = PBXFileReference; lastKnownFileType = sourcecode.c.h; path = "XCHAT-Bridging-Header.h"; sourceTree = "<group>"; };
		25F016051B045882004D78F6 /* LoginViewController.swift */ = {isa = PBXFileReference; fileEncoding = 4; lastKnownFileType = sourcecode.swift; path = LoginViewController.swift; sourceTree = "<group>"; };
		25F016091B045D83004D78F6 /* MenuViewController.swift */ = {isa = PBXFileReference; fileEncoding = 4; lastKnownFileType = sourcecode.swift; path = MenuViewController.swift; sourceTree = "<group>"; };
		25F2313E1B0C3DF90074F02F /* ReelViewController.swift */ = {isa = PBXFileReference; fileEncoding = 4; lastKnownFileType = sourcecode.swift; path = ReelViewController.swift; sourceTree = "<group>"; };
		41AC825493FB88C3AB135351 /* Pods.debug.xcconfig */ = {isa = PBXFileReference; includeInIndex = 1; lastKnownFileType = text.xcconfig; name = Pods.debug.xcconfig; path = "Pods/Target Support Files/Pods/Pods.debug.xcconfig"; sourceTree = "<group>"; };
		626B855E3CA083849FA3E870 /* Pods.release.xcconfig */ = {isa = PBXFileReference; includeInIndex = 1; lastKnownFileType = text.xcconfig; name = Pods.release.xcconfig; path = "Pods/Target Support Files/Pods/Pods.release.xcconfig"; sourceTree = "<group>"; };
		A8469C60EDB32747ACDDA74A /* libPods.a */ = {isa = PBXFileReference; explicitFileType = archive.ar; includeInIndex = 0; path = libPods.a; sourceTree = BUILT_PRODUCTS_DIR; };
/* End PBXFileReference section */

/* Begin PBXFrameworksBuildPhase section */
		259FBA3A1B02F5A5006F1650 /* Frameworks */ = {
			isa = PBXFrameworksBuildPhase;
			buildActionMask = 2147483647;
			files = (
				C34480519D95217D6EDDF5B1 /* libPods.a in Frameworks */,
			);
			runOnlyForDeploymentPostprocessing = 0;
		};
		259FBA4F1B02F5A6006F1650 /* Frameworks */ = {
			isa = PBXFrameworksBuildPhase;
			buildActionMask = 2147483647;
			files = (
			);
			runOnlyForDeploymentPostprocessing = 0;
		};
/* End PBXFrameworksBuildPhase section */

/* Begin PBXGroup section */
		251317551B0B0EA800879526 /* Reel */ = {
			isa = PBXGroup;
			children = (
				25F2313E1B0C3DF90074F02F /* ReelViewController.swift */,
				25237E2C1B0C445E00959D44 /* PhotoCell.swift */,
				25237E2E1B0C457E00959D44 /* PhotoDetailsViewController.swift */,
				251317531B0ADF4500879526 /* ReelGridViewController.swift */,
				251317581B0B12F900879526 /* ReelGridCell.swift */,
			);
			name = Reel;
			sourceTree = "<group>";
		};
		259FBA341B02F5A5006F1650 = {
			isa = PBXGroup;
			children = (
				259FBA3F1B02F5A5006F1650 /* XCHAT */,
				259FBA551B02F5A6006F1650 /* XCHATTests */,
				259FBA3E1B02F5A5006F1650 /* Products */,
				7B35422B3A3D45EC9502765E /* Pods */,
				7043C3CF7A84F05319E18820 /* Frameworks */,
			);
			sourceTree = "<group>";
		};
		259FBA3E1B02F5A5006F1650 /* Products */ = {
			isa = PBXGroup;
			children = (
				259FBA3D1B02F5A5006F1650 /* XCHAT.app */,
				259FBA521B02F5A6006F1650 /* XCHATTests.xctest */,
			);
			name = Products;
			sourceTree = "<group>";
		};
		259FBA3F1B02F5A5006F1650 /* XCHAT */ = {
			isa = PBXGroup;
			children = (
				251317551B0B0EA800879526 /* Reel */,
				259FBA641B02F62C006F1650 /* View Controllers */,
				259FBA421B02F5A5006F1650 /* AppDelegate.swift */,
				259FBA461B02F5A5006F1650 /* Main.storyboard */,
				259FBA491B02F5A6006F1650 /* Images.xcassets */,
				259FBA4B1B02F5A6006F1650 /* LaunchScreen.xib */,
				259FBA401B02F5A5006F1650 /* Supporting Files */,
				25F015FF1B04535C004D78F6 /* XCHAT-Bridging-Header.h */,
			);
			path = XCHAT;
			sourceTree = "<group>";
		};
		259FBA401B02F5A5006F1650 /* Supporting Files */ = {
			isa = PBXGroup;
			children = (
				259FBA411B02F5A5006F1650 /* Info.plist */,
			);
			name = "Supporting Files";
			sourceTree = "<group>";
		};
		259FBA551B02F5A6006F1650 /* XCHATTests */ = {
			isa = PBXGroup;
			children = (
				259FBA581B02F5A6006F1650 /* XCHATTests.swift */,
				259FBA561B02F5A6006F1650 /* Supporting Files */,
			);
			path = XCHATTests;
			sourceTree = "<group>";
		};
		259FBA561B02F5A6006F1650 /* Supporting Files */ = {
			isa = PBXGroup;
			children = (
				259FBA571B02F5A6006F1650 /* Info.plist */,
			);
			name = "Supporting Files";
			sourceTree = "<group>";
		};
		259FBA641B02F62C006F1650 /* View Controllers */ = {
			isa = PBXGroup;
			children = (
				25F016051B045882004D78F6 /* LoginViewController.swift */,
				257A6B711B056D5B00996A56 /* HamburgerViewController.swift */,
				25F016091B045D83004D78F6 /* MenuViewController.swift */,
				255774D41B0585FC0042FAED /* ProfileViewController.swift */,
			);
			name = "View Controllers";
			sourceTree = "<group>";
		};
		7043C3CF7A84F05319E18820 /* Frameworks */ = {
			isa = PBXGroup;
			children = (
				A8469C60EDB32747ACDDA74A /* libPods.a */,
			);
			name = Frameworks;
			sourceTree = "<group>";
		};
		7B35422B3A3D45EC9502765E /* Pods */ = {
			isa = PBXGroup;
			children = (
				41AC825493FB88C3AB135351 /* Pods.debug.xcconfig */,
				626B855E3CA083849FA3E870 /* Pods.release.xcconfig */,
			);
			name = Pods;
			sourceTree = "<group>";
		};
/* End PBXGroup section */

/* Begin PBXNativeTarget section */
		259FBA3C1B02F5A5006F1650 /* XCHAT */ = {
			isa = PBXNativeTarget;
			buildConfigurationList = 259FBA5C1B02F5A6006F1650 /* Build configuration list for PBXNativeTarget "XCHAT" */;
			buildPhases = (
				75E304A87CC6D27A41EDEC06 /* Check Pods Manifest.lock */,
				259FBA391B02F5A5006F1650 /* Sources */,
				259FBA3A1B02F5A5006F1650 /* Frameworks */,
				259FBA3B1B02F5A5006F1650 /* Resources */,
				81B84214F23E19BF912814C0 /* Copy Pods Resources */,
			);
			buildRules = (
			);
			dependencies = (
			);
			name = XCHAT;
			productName = XCHAT;
			productReference = 259FBA3D1B02F5A5006F1650 /* XCHAT.app */;
			productType = "com.apple.product-type.application";
		};
		259FBA511B02F5A6006F1650 /* XCHATTests */ = {
			isa = PBXNativeTarget;
			buildConfigurationList = 259FBA5F1B02F5A6006F1650 /* Build configuration list for PBXNativeTarget "XCHATTests" */;
			buildPhases = (
				259FBA4E1B02F5A6006F1650 /* Sources */,
				259FBA4F1B02F5A6006F1650 /* Frameworks */,
				259FBA501B02F5A6006F1650 /* Resources */,
			);
			buildRules = (
			);
			dependencies = (
				259FBA541B02F5A6006F1650 /* PBXTargetDependency */,
			);
			name = XCHATTests;
			productName = XCHATTests;
			productReference = 259FBA521B02F5A6006F1650 /* XCHATTests.xctest */;
			productType = "com.apple.product-type.bundle.unit-test";
		};
/* End PBXNativeTarget section */

/* Begin PBXProject section */
		259FBA351B02F5A5006F1650 /* Project object */ = {
			isa = PBXProject;
			attributes = {
				LastUpgradeCheck = 0630;
				ORGANIZATIONNAME = "Mateo Garcia";
				TargetAttributes = {
					259FBA3C1B02F5A5006F1650 = {
						CreatedOnToolsVersion = 6.3.1;
					};
					259FBA511B02F5A6006F1650 = {
						CreatedOnToolsVersion = 6.3.1;
						TestTargetID = 259FBA3C1B02F5A5006F1650;
					};
				};
			};
			buildConfigurationList = 259FBA381B02F5A5006F1650 /* Build configuration list for PBXProject "XCHAT" */;
			compatibilityVersion = "Xcode 3.2";
			developmentRegion = English;
			hasScannedForEncodings = 0;
			knownRegions = (
				en,
				Base,
			);
			mainGroup = 259FBA341B02F5A5006F1650;
			productRefGroup = 259FBA3E1B02F5A5006F1650 /* Products */;
			projectDirPath = "";
			projectRoot = "";
			targets = (
				259FBA3C1B02F5A5006F1650 /* XCHAT */,
				259FBA511B02F5A6006F1650 /* XCHATTests */,
			);
		};
/* End PBXProject section */

/* Begin PBXResourcesBuildPhase section */
		259FBA3B1B02F5A5006F1650 /* Resources */ = {
			isa = PBXResourcesBuildPhase;
			buildActionMask = 2147483647;
			files = (
				259FBA481B02F5A5006F1650 /* Main.storyboard in Resources */,
				259FBA4D1B02F5A6006F1650 /* LaunchScreen.xib in Resources */,
				259FBA4A1B02F5A6006F1650 /* Images.xcassets in Resources */,
			);
			runOnlyForDeploymentPostprocessing = 0;
		};
		259FBA501B02F5A6006F1650 /* Resources */ = {
			isa = PBXResourcesBuildPhase;
			buildActionMask = 2147483647;
			files = (
			);
			runOnlyForDeploymentPostprocessing = 0;
		};
/* End PBXResourcesBuildPhase section */

/* Begin PBXShellScriptBuildPhase section */
		75E304A87CC6D27A41EDEC06 /* Check Pods Manifest.lock */ = {
			isa = PBXShellScriptBuildPhase;
			buildActionMask = 2147483647;
			files = (
			);
			inputPaths = (
			);
			name = "Check Pods Manifest.lock";
			outputPaths = (
			);
			runOnlyForDeploymentPostprocessing = 0;
			shellPath = /bin/sh;
			shellScript = "diff \"${PODS_ROOT}/../Podfile.lock\" \"${PODS_ROOT}/Manifest.lock\" > /dev/null\nif [[ $? != 0 ]] ; then\n    cat << EOM\nerror: The sandbox is not in sync with the Podfile.lock. Run 'pod install' or update your CocoaPods installation.\nEOM\n    exit 1\nfi\n";
			showEnvVarsInLog = 0;
		};
		81B84214F23E19BF912814C0 /* Copy Pods Resources */ = {
			isa = PBXShellScriptBuildPhase;
			buildActionMask = 2147483647;
			files = (
			);
			inputPaths = (
			);
			name = "Copy Pods Resources";
			outputPaths = (
			);
			runOnlyForDeploymentPostprocessing = 0;
			shellPath = /bin/sh;
			shellScript = "\"${SRCROOT}/Pods/Target Support Files/Pods/Pods-resources.sh\"\n";
			showEnvVarsInLog = 0;
		};
/* End PBXShellScriptBuildPhase section */

/* Begin PBXSourcesBuildPhase section */
		259FBA391B02F5A5006F1650 /* Sources */ = {
			isa = PBXSourcesBuildPhase;
			buildActionMask = 2147483647;
			files = (
				257A6B721B056D5B00996A56 /* HamburgerViewController.swift in Sources */,
				25237E2D1B0C445E00959D44 /* PhotoCell.swift in Sources */,
				25F0160A1B045D83004D78F6 /* MenuViewController.swift in Sources */,
				25F016061B045882004D78F6 /* LoginViewController.swift in Sources */,
				255774D51B0585FC0042FAED /* ProfileViewController.swift in Sources */,
				251317591B0B12F900879526 /* ReelGridCell.swift in Sources */,
				25237E2F1B0C457E00959D44 /* PhotoDetailsViewController.swift in Sources */,
				251317541B0ADF4500879526 /* ReelGridViewController.swift in Sources */,
				259FBA431B02F5A5006F1650 /* AppDelegate.swift in Sources */,
				25F2313F1B0C3DF90074F02F /* ReelViewController.swift in Sources */,
			);
			runOnlyForDeploymentPostprocessing = 0;
		};
		259FBA4E1B02F5A6006F1650 /* Sources */ = {
			isa = PBXSourcesBuildPhase;
			buildActionMask = 2147483647;
			files = (
				259FBA591B02F5A6006F1650 /* XCHATTests.swift in Sources */,
			);
			runOnlyForDeploymentPostprocessing = 0;
		};
/* End PBXSourcesBuildPhase section */

/* Begin PBXTargetDependency section */
		259FBA541B02F5A6006F1650 /* PBXTargetDependency */ = {
			isa = PBXTargetDependency;
			target = 259FBA3C1B02F5A5006F1650 /* XCHAT */;
			targetProxy = 259FBA531B02F5A6006F1650 /* PBXContainerItemProxy */;
		};
/* End PBXTargetDependency section */

/* Begin PBXVariantGroup section */
		259FBA461B02F5A5006F1650 /* Main.storyboard */ = {
			isa = PBXVariantGroup;
			children = (
				259FBA471B02F5A5006F1650 /* Base */,
			);
			name = Main.storyboard;
			sourceTree = "<group>";
		};
		259FBA4B1B02F5A6006F1650 /* LaunchScreen.xib */ = {
			isa = PBXVariantGroup;
			children = (
				259FBA4C1B02F5A6006F1650 /* Base */,
			);
			name = LaunchScreen.xib;
			sourceTree = "<group>";
		};
/* End PBXVariantGroup section */

/* Begin XCBuildConfiguration section */
		259FBA5A1B02F5A6006F1650 /* Debug */ = {
			isa = XCBuildConfiguration;
			buildSettings = {
				ALWAYS_SEARCH_USER_PATHS = NO;
				CLANG_CXX_LANGUAGE_STANDARD = "gnu++0x";
				CLANG_CXX_LIBRARY = "libc++";
				CLANG_ENABLE_MODULES = YES;
				CLANG_ENABLE_OBJC_ARC = YES;
				CLANG_WARN_BOOL_CONVERSION = YES;
				CLANG_WARN_CONSTANT_CONVERSION = YES;
				CLANG_WARN_DIRECT_OBJC_ISA_USAGE = YES_ERROR;
				CLANG_WARN_EMPTY_BODY = YES;
				CLANG_WARN_ENUM_CONVERSION = YES;
				CLANG_WARN_INT_CONVERSION = YES;
				CLANG_WARN_OBJC_ROOT_CLASS = YES_ERROR;
				CLANG_WARN_UNREACHABLE_CODE = YES;
				CLANG_WARN__DUPLICATE_METHOD_MATCH = YES;
				"CODE_SIGN_IDENTITY[sdk=iphoneos*]" = "iPhone Developer";
				COPY_PHASE_STRIP = NO;
				DEBUG_INFORMATION_FORMAT = "dwarf-with-dsym";
				ENABLE_STRICT_OBJC_MSGSEND = YES;
				GCC_C_LANGUAGE_STANDARD = gnu99;
				GCC_DYNAMIC_NO_PIC = NO;
				GCC_NO_COMMON_BLOCKS = YES;
				GCC_OPTIMIZATION_LEVEL = 0;
				GCC_PREPROCESSOR_DEFINITIONS = (
					"DEBUG=1",
					"$(inherited)",
				);
				GCC_SYMBOLS_PRIVATE_EXTERN = NO;
				GCC_WARN_64_TO_32_BIT_CONVERSION = YES;
				GCC_WARN_ABOUT_RETURN_TYPE = YES_ERROR;
				GCC_WARN_UNDECLARED_SELECTOR = YES;
				GCC_WARN_UNINITIALIZED_AUTOS = YES_AGGRESSIVE;
				GCC_WARN_UNUSED_FUNCTION = YES;
				GCC_WARN_UNUSED_VARIABLE = YES;
				IPHONEOS_DEPLOYMENT_TARGET = 8.3;
				MTL_ENABLE_DEBUG_INFO = YES;
				ONLY_ACTIVE_ARCH = YES;
				SDKROOT = iphoneos;
				SWIFT_OPTIMIZATION_LEVEL = "-Onone";
			};
			name = Debug;
		};
		259FBA5B1B02F5A6006F1650 /* Release */ = {
			isa = XCBuildConfiguration;
			buildSettings = {
				ALWAYS_SEARCH_USER_PATHS = NO;
				CLANG_CXX_LANGUAGE_STANDARD = "gnu++0x";
				CLANG_CXX_LIBRARY = "libc++";
				CLANG_ENABLE_MODULES = YES;
				CLANG_ENABLE_OBJC_ARC = YES;
				CLANG_WARN_BOOL_CONVERSION = YES;
				CLANG_WARN_CONSTANT_CONVERSION = YES;
				CLANG_WARN_DIRECT_OBJC_ISA_USAGE = YES_ERROR;
				CLANG_WARN_EMPTY_BODY = YES;
				CLANG_WARN_ENUM_CONVERSION = YES;
				CLANG_WARN_INT_CONVERSION = YES;
				CLANG_WARN_OBJC_ROOT_CLASS = YES_ERROR;
				CLANG_WARN_UNREACHABLE_CODE = YES;
				CLANG_WARN__DUPLICATE_METHOD_MATCH = YES;
				"CODE_SIGN_IDENTITY[sdk=iphoneos*]" = "iPhone Developer";
				COPY_PHASE_STRIP = NO;
				DEBUG_INFORMATION_FORMAT = "dwarf-with-dsym";
				ENABLE_NS_ASSERTIONS = NO;
				ENABLE_STRICT_OBJC_MSGSEND = YES;
				GCC_C_LANGUAGE_STANDARD = gnu99;
				GCC_NO_COMMON_BLOCKS = YES;
				GCC_WARN_64_TO_32_BIT_CONVERSION = YES;
				GCC_WARN_ABOUT_RETURN_TYPE = YES_ERROR;
				GCC_WARN_UNDECLARED_SELECTOR = YES;
				GCC_WARN_UNINITIALIZED_AUTOS = YES_AGGRESSIVE;
				GCC_WARN_UNUSED_FUNCTION = YES;
				GCC_WARN_UNUSED_VARIABLE = YES;
				IPHONEOS_DEPLOYMENT_TARGET = 8.3;
				MTL_ENABLE_DEBUG_INFO = NO;
				SDKROOT = iphoneos;
				VALIDATE_PRODUCT = YES;
			};
			name = Release;
		};
		259FBA5D1B02F5A6006F1650 /* Debug */ = {
			isa = XCBuildConfiguration;
			baseConfigurationReference = 41AC825493FB88C3AB135351 /* Pods.debug.xcconfig */;
			buildSettings = {
				ASSETCATALOG_COMPILER_APPICON_NAME = AppIcon;
				CLANG_ENABLE_MODULES = YES;
				INFOPLIST_FILE = XCHAT/Info.plist;
				IPHONEOS_DEPLOYMENT_TARGET = 8.0;
				LD_RUNPATH_SEARCH_PATHS = "$(inherited) @executable_path/Frameworks";
				PRODUCT_NAME = "$(TARGET_NAME)";
				SWIFT_OBJC_BRIDGING_HEADER = "XCHAT/XCHAT-Bridging-Header.h";
				SWIFT_OPTIMIZATION_LEVEL = "-Onone";
			};
			name = Debug;
		};
		259FBA5E1B02F5A6006F1650 /* Release */ = {
			isa = XCBuildConfiguration;
			baseConfigurationReference = 626B855E3CA083849FA3E870 /* Pods.release.xcconfig */;
			buildSettings = {
				ASSETCATALOG_COMPILER_APPICON_NAME = AppIcon;
				CLANG_ENABLE_MODULES = YES;
				INFOPLIST_FILE = XCHAT/Info.plist;
				IPHONEOS_DEPLOYMENT_TARGET = 8.0;
				LD_RUNPATH_SEARCH_PATHS = "$(inherited) @executable_path/Frameworks";
				PRODUCT_NAME = "$(TARGET_NAME)";
				SWIFT_OBJC_BRIDGING_HEADER = "XCHAT/XCHAT-Bridging-Header.h";
			};
			name = Release;
		};
		259FBA601B02F5A6006F1650 /* Debug */ = {
			isa = XCBuildConfiguration;
			buildSettings = {
				BUNDLE_LOADER = "$(TEST_HOST)";
				FRAMEWORK_SEARCH_PATHS = (
					"$(SDKROOT)/Developer/Library/Frameworks",
					"$(inherited)",
				);
				GCC_PREPROCESSOR_DEFINITIONS = (
					"DEBUG=1",
					"$(inherited)",
				);
				INFOPLIST_FILE = XCHATTests/Info.plist;
				LD_RUNPATH_SEARCH_PATHS = "$(inherited) @executable_path/Frameworks @loader_path/Frameworks";
				PRODUCT_NAME = "$(TARGET_NAME)";
				TEST_HOST = "$(BUILT_PRODUCTS_DIR)/XCHAT.app/XCHAT";
			};
			name = Debug;
		};
		259FBA611B02F5A6006F1650 /* Release */ = {
			isa = XCBuildConfiguration;
			buildSettings = {
				BUNDLE_LOADER = "$(TEST_HOST)";
				FRAMEWORK_SEARCH_PATHS = (
					"$(SDKROOT)/Developer/Library/Frameworks",
					"$(inherited)",
				);
				INFOPLIST_FILE = XCHATTests/Info.plist;
				LD_RUNPATH_SEARCH_PATHS = "$(inherited) @executable_path/Frameworks @loader_path/Frameworks";
				PRODUCT_NAME = "$(TARGET_NAME)";
				TEST_HOST = "$(BUILT_PRODUCTS_DIR)/XCHAT.app/XCHAT";
			};
			name = Release;
		};
/* End XCBuildConfiguration section */

/* Begin XCConfigurationList section */
		259FBA381B02F5A5006F1650 /* Build configuration list for PBXProject "XCHAT" */ = {
			isa = XCConfigurationList;
			buildConfigurations = (
				259FBA5A1B02F5A6006F1650 /* Debug */,
				259FBA5B1B02F5A6006F1650 /* Release */,
			);
			defaultConfigurationIsVisible = 0;
			defaultConfigurationName = Release;
		};
		259FBA5C1B02F5A6006F1650 /* Build configuration list for PBXNativeTarget "XCHAT" */ = {
			isa = XCConfigurationList;
			buildConfigurations = (
				259FBA5D1B02F5A6006F1650 /* Debug */,
				259FBA5E1B02F5A6006F1650 /* Release */,
			);
			defaultConfigurationIsVisible = 0;
			defaultConfigurationName = Release;
		};
		259FBA5F1B02F5A6006F1650 /* Build configuration list for PBXNativeTarget "XCHATTests" */ = {
			isa = XCConfigurationList;
			buildConfigurations = (
				259FBA601B02F5A6006F1650 /* Debug */,
				259FBA611B02F5A6006F1650 /* Release */,
			);
			defaultConfigurationIsVisible = 0;
			defaultConfigurationName = Release;
		};
/* End XCConfigurationList section */
	};
	rootObject = 259FBA351B02F5A5006F1650 /* Project object */;
}
